
Microsoft Visual Studio Solution File, Format Version 12.00
# Visual Studio Version 17
VisualStudioVersion = 17.14.36603.0
MinimumVisualStudioVersion = 10.0.40219.1
Project("{FAE04EC0-301F-11D3-BF4B-00C04F79EFBC}") = "habersite", "habersite\habersite.csproj", "{EAA871BE-0A26-49C7-ACAD-2BB3C414FB6B}"
EndProject
Global
	GlobalSection(SolutionConfigurationPlatforms) = preSolution
		Debug|Any CPU = Debug|Any CPU
		Release|Any CPU = Release|Any CPU
	EndGlobalSection
	GlobalSection(ProjectConfigurationPlatforms) = postSolution
		{EAA871BE-0A26-49C7-ACAD-2BB3C414FB6B}.Debug|Any CPU.ActiveCfg = Debug|Any CPU
		{EAA871BE-0A26-49C7-ACAD-2BB3C414FB6B}.Debug|Any CPU.Build.0 = Debug|Any CPU
		{EAA871BE-0A26-49C7-ACAD-2BB3C414FB6B}.Release|Any CPU.ActiveCfg = Release|Any CPU
		{EAA871BE-0A26-49C7-ACAD-2BB3C414FB6B}.Release|Any CPU.Build.0 = Release|Any CPU
	EndGlobalSection
	GlobalSection(SolutionProperties) = preSolution
		HideSolutionNode = FALSE
	EndGlobalSection
	GlobalSection(ExtensibilityGlobals) = postSolution
		SolutionGuid = {B103B61E-9624-4483-86D6-C44FB4109ADA}
	EndGlobalSection
EndGlobal
